
Microsoft Visual Studio Solution File, Format Version 12.00
# Visual Studio Version 16
VisualStudioVersion = 16.0.30413.136
MinimumVisualStudioVersion = 10.0.40219.1
Project("{8BC9CEB8-8B4A-11D0-8D11-00A0C91BC942}") = "CarbonEngine", "CarbonEngine.vcxproj", "{C8D12A5F-42F1-4B19-9C43-B0AAD0946C5B}"
EndProject
Global
	GlobalSection(SolutionConfigurationPlatforms) = preSolution
		Debug|x64 = Debug|x64
		Debug|x86 = Debug|x86
		Release|x64 = Release|x64
		Release|x86 = Release|x86
	EndGlobalSection
	GlobalSection(ProjectConfigurationPlatforms) = postSolution
		{C8D12A5F-42F1-4B19-9C43-B0AAD0946C5B}.Debug|x64.ActiveCfg = Debug|x64
		{C8D12A5F-42F1-4B19-9C43-B0AAD0946C5B}.Debug|x64.Build.0 = Debug|x64
		{C8D12A5F-42F1-4B19-9C43-B0AAD0946C5B}.Debug|x86.ActiveCfg = Debug|Win32
		{C8D12A5F-42F1-4B19-9C43-B0AAD0946C5B}.Debug|x86.Build.0 = Debug|Win32
		{C8D12A5F-42F1-4B19-9C43-B0AAD0946C5B}.Release|x64.ActiveCfg = Release|x64
		{C8D12A5F-42F1-4B19-9C43-B0AAD0946C5B}.Release|x64.Build.0 = Release|x64
		{C8D12A5F-42F1-4B19-9C43-B0AAD0946C5B}.Release|x86.ActiveCfg = Release|Win32
		{C8D12A5F-42F1-4B19-9C43-B0AAD0946C5B}.Release|x86.Build.0 = Release|Win32
	EndGlobalSection
	GlobalSection(SolutionProperties) = preSolution
		HideSolutionNode = FALSE
	EndGlobalSection
	GlobalSection(ExtensibilityGlobals) = postSolution
		SolutionGuid = {40278EFE-7523-4E8A-9014-AF32C0D0FE5E}
	EndGlobalSection
EndGlobal
